
Microsoft Visual Studio Solution File, Format Version 12.00
# Visual Studio 15
VisualStudioVersion = 15.0.26730.3
MinimumVisualStudioVersion = 10.0.40219.1
Project("{FAE04EC0-301F-11D3-BF4B-00C04F79EFBC}") = "Search_Work", "Search_Work\Search_Work.csproj", "{306DBFC4-9A34-4E85-A3A0-9915178699B1}"
EndProject
Global
	GlobalSection(SolutionConfigurationPlatforms) = preSolution
		Debug|Any CPU = Debug|Any CPU
		Release|Any CPU = Release|Any CPU
	EndGlobalSection
	GlobalSection(ProjectConfigurationPlatforms) = postSolution
		{306DBFC4-9A34-4E85-A3A0-9915178699B1}.Debug|Any CPU.ActiveCfg = Debug|Any CPU
		{306DBFC4-9A34-4E85-A3A0-9915178699B1}.Debug|Any CPU.Build.0 = Debug|Any CPU
		{306DBFC4-9A34-4E85-A3A0-9915178699B1}.Release|Any CPU.ActiveCfg = Release|Any CPU
		{306DBFC4-9A34-4E85-A3A0-9915178699B1}.Release|Any CPU.Build.0 = Release|Any CPU
	EndGlobalSection
	GlobalSection(SolutionProperties) = preSolution
		HideSolutionNode = FALSE
	EndGlobalSection
	GlobalSection(ExtensibilityGlobals) = postSolution
		SolutionGuid = {47343CD5-B655-48D3-9D6C-E84A84BE7EC4}
	EndGlobalSection
EndGlobal
